// !$*UTF8*$!
{
	archiveVersion = 1;
	classes = {
	};
	objectVersion = 56;
	objects = {

/* Begin PBXBuildFile section */
		034FDDB75410165B29A9393D /* Pods_Giphy.framework in Frameworks */ = {isa = PBXBuildFile; fileRef = 6F26938FF0BD617C385272D2 /* Pods_Giphy.framework */; };
		508E38F3226CE889BBEA4902 /* Pods_GiphyTests.framework in Frameworks */ = {isa = PBXBuildFile; fileRef = DB52E9247BCF6A0F053F81FE /* Pods_GiphyTests.framework */; };
		7705CCAF2A0156E600F33D80 /* GIPNetworkServiceProtocol.swift in Sources */ = {isa = PBXBuildFile; fileRef = 7705CCAE2A0156E600F33D80 /* GIPNetworkServiceProtocol.swift */; };
		7705CCB42A01589A00F33D80 /* GIPNetworkServiceExtensions.swift in Sources */ = {isa = PBXBuildFile; fileRef = 7705CCB32A01589A00F33D80 /* GIPNetworkServiceExtensions.swift */; };
		7705CCB62A015A7700F33D80 /* NetworkService.swift in Sources */ = {isa = PBXBuildFile; fileRef = 7705CCB52A015A7700F33D80 /* NetworkService.swift */; };
		7705CCB92A02B80000F33D80 /* GIPDetailViewViewModel.swift in Sources */ = {isa = PBXBuildFile; fileRef = 7705CCB82A02B80000F33D80 /* GIPDetailViewViewModel.swift */; };
		7705CCBC2A03F7F900F33D80 /* GIPProfileViewViewModel.swift in Sources */ = {isa = PBXBuildFile; fileRef = 7705CCBB2A03F7F900F33D80 /* GIPProfileViewViewModel.swift */; };
		7705CCBF2A03F95200F33D80 /* GIPProfileView.swift in Sources */ = {isa = PBXBuildFile; fileRef = 7705CCBE2A03F95200F33D80 /* GIPProfileView.swift */; };
		7715C17329FA5136003A48CB /* GIPDetailView.swift in Sources */ = {isa = PBXBuildFile; fileRef = 7715C17229FA5136003A48CB /* GIPDetailView.swift */; };
		7715C17929FA7CA8003A48CB /* GIPDetailViewController.swift in Sources */ = {isa = PBXBuildFile; fileRef = 7715C17829FA7CA8003A48CB /* GIPDetailViewController.swift */; };
		77AB639B29F6538B00D932D6 /* AppDelegate.swift in Sources */ = {isa = PBXBuildFile; fileRef = 77AB639A29F6538B00D932D6 /* AppDelegate.swift */; };
		77AB639F29F6538B00D932D6 /* GIPTabViewController.swift in Sources */ = {isa = PBXBuildFile; fileRef = 77AB639E29F6538B00D932D6 /* GIPTabViewController.swift */; };
		77AB63A229F6538B00D932D6 /* Main.storyboard in Resources */ = {isa = PBXBuildFile; fileRef = 77AB63A029F6538B00D932D6 /* Main.storyboard */; };
		77AB63A529F6538B00D932D6 /* Giphy.xcdatamodeld in Sources */ = {isa = PBXBuildFile; fileRef = 77AB63A329F6538B00D932D6 /* Giphy.xcdatamodeld */; };
		77AB63A729F6538C00D932D6 /* Assets.xcassets in Resources */ = {isa = PBXBuildFile; fileRef = 77AB63A629F6538C00D932D6 /* Assets.xcassets */; };
		77AB63AA29F6538C00D932D6 /* LaunchScreen.storyboard in Resources */ = {isa = PBXBuildFile; fileRef = 77AB63A829F6538C00D932D6 /* LaunchScreen.storyboard */; };
		77AB63B529F6538C00D932D6 /* GiphyTests.swift in Sources */ = {isa = PBXBuildFile; fileRef = 77AB63B429F6538C00D932D6 /* GiphyTests.swift */; };
		77AB63BF29F6538C00D932D6 /* GiphyUITests.swift in Sources */ = {isa = PBXBuildFile; fileRef = 77AB63BE29F6538C00D932D6 /* GiphyUITests.swift */; };
		77AB63C129F6538C00D932D6 /* GiphyUITestsLaunchTests.swift in Sources */ = {isa = PBXBuildFile; fileRef = 77AB63C029F6538C00D932D6 /* GiphyUITestsLaunchTests.swift */; };
		77AB63D029F6746C00D932D6 /* Localizable.strings in Resources */ = {isa = PBXBuildFile; fileRef = 77AB63CF29F6746C00D932D6 /* Localizable.strings */; };
		77B8AD9629FACBDC00C80CFE /* MainCoordinator.swift in Sources */ = {isa = PBXBuildFile; fileRef = 77B8AD9529FACBDC00C80CFE /* MainCoordinator.swift */; };
		77B8AD9829FAD1F200C80CFE /* SearchCoordinator.swift in Sources */ = {isa = PBXBuildFile; fileRef = 77B8AD9729FAD1F200C80CFE /* SearchCoordinator.swift */; };
		77B8AD9A29FAD28500C80CFE /* ProfileCoordinator.swift in Sources */ = {isa = PBXBuildFile; fileRef = 77B8AD9929FAD28500C80CFE /* ProfileCoordinator.swift */; };
		77BD7A3C2A0E820B009A505D /* GIPProfileModel.swift in Sources */ = {isa = PBXBuildFile; fileRef = 77BD7A3B2A0E820B009A505D /* GIPProfileModel.swift */; };
		77D9227329F78F2400A1111E /* Strings+Generated.swift in Sources */ = {isa = PBXBuildFile; fileRef = 77D9227229F78F2400A1111E /* Strings+Generated.swift */; };
		77D9227629F7991400A1111E /* GIPMainView.swift in Sources */ = {isa = PBXBuildFile; fileRef = 77D9227529F7991400A1111E /* GIPMainView.swift */; };
		77D9227829F7999800A1111E /* Extensions.swift in Sources */ = {isa = PBXBuildFile; fileRef = 77D9227729F7999800A1111E /* Extensions.swift */; };
		77D9227A29F79A1B00A1111E /* GIPMainViewCollectionViewCell.swift in Sources */ = {isa = PBXBuildFile; fileRef = 77D9227929F79A1B00A1111E /* GIPMainViewCollectionViewCell.swift */; };
		77D9227C29F79B3300A1111E /* GIPMainViewViewModel.swift in Sources */ = {isa = PBXBuildFile; fileRef = 77D9227B29F79B3300A1111E /* GIPMainViewViewModel.swift */; };
		77D9228529F8082000A1111E /* Coordinator.swift in Sources */ = {isa = PBXBuildFile; fileRef = 77D9228429F8082000A1111E /* Coordinator.swift */; };
		77F293262A0BCC5A0071B8AB /* GIPProfileViewCollectionViewCell.swift in Sources */ = {isa = PBXBuildFile; fileRef = 77F293252A0BCC5A0071B8AB /* GIPProfileViewCollectionViewCell.swift */; };
		794A16802A0CFE7A0093EEA2 /* GIPDetailViewViewModel.swift in Sources */ = {isa = PBXBuildFile; fileRef = 794A167F2A0CFE7A0093EEA2 /* GIPDetailViewViewModel.swift */; };
		7967313929F6BDA5008D2D0D /* GIPMainViewController.swift in Sources */ = {isa = PBXBuildFile; fileRef = 7967313829F6BDA5008D2D0D /* GIPMainViewController.swift */; };
		7967313B29F6BDBC008D2D0D /* GIPSearchViewController.swift in Sources */ = {isa = PBXBuildFile; fileRef = 7967313A29F6BDBC008D2D0D /* GIPSearchViewController.swift */; };
		7967313D29F6BDCC008D2D0D /* GIPProfileViewController.swift in Sources */ = {isa = PBXBuildFile; fileRef = 7967313C29F6BDCC008D2D0D /* GIPProfileViewController.swift */; };
		79A7622E29F944F900FCC907 /* XCAssets+Generated.swift in Sources */ = {isa = PBXBuildFile; fileRef = 79A7622D29F944F900FCC907 /* XCAssets+Generated.swift */; };
		79D494312A0CF46500935365 /* GIPMainModel.swift in Sources */ = {isa = PBXBuildFile; fileRef = 7705CCB02A01578100F33D80 /* GIPMainModel.swift */; };
		79DF7BAD2A027D1700194DFE /* GIPStartViewController.swift in Sources */ = {isa = PBXBuildFile; fileRef = 79DF7BAC2A027D1700194DFE /* GIPStartViewController.swift */; };
		79DF7BAF2A028CD300194DFE /* StartCoordinator.swift in Sources */ = {isa = PBXBuildFile; fileRef = 79DF7BAE2A028CD300194DFE /* StartCoordinator.swift */; };
		79DF7BB22A028D3100194DFE /* GIPStartViewViewModel.swift in Sources */ = {isa = PBXBuildFile; fileRef = 79DF7BB12A028D3100194DFE /* GIPStartViewViewModel.swift */; };
		81594905EE647EDCF5A44F5F /* Pods_Giphy_GiphyUITests.framework in Frameworks */ = {isa = PBXBuildFile; fileRef = D7DF404E72CE752F3F07C613 /* Pods_Giphy_GiphyUITests.framework */; };
/* End PBXBuildFile section */

/* Begin PBXContainerItemProxy section */
		77AB63B129F6538C00D932D6 /* PBXContainerItemProxy */ = {
			isa = PBXContainerItemProxy;
			containerPortal = 77AB638F29F6538B00D932D6 /* Project object */;
			proxyType = 1;
			remoteGlobalIDString = 77AB639629F6538B00D932D6;
			remoteInfo = Giphy;
		};
		77AB63BB29F6538C00D932D6 /* PBXContainerItemProxy */ = {
			isa = PBXContainerItemProxy;
			containerPortal = 77AB638F29F6538B00D932D6 /* Project object */;
			proxyType = 1;
			remoteGlobalIDString = 77AB639629F6538B00D932D6;
			remoteInfo = Giphy;
		};
/* End PBXContainerItemProxy section */

/* Begin PBXFileReference section */
		1567BE5EC06BB2F8DB873DC7 /* Pods-Giphy.debug.xcconfig */ = {isa = PBXFileReference; includeInIndex = 1; lastKnownFileType = text.xcconfig; name = "Pods-Giphy.debug.xcconfig"; path = "Target Support Files/Pods-Giphy/Pods-Giphy.debug.xcconfig"; sourceTree = "<group>"; };
		15E55646AB8B475B460BCDC5 /* Pods-Giphy-GiphyUITests.release.xcconfig */ = {isa = PBXFileReference; includeInIndex = 1; lastKnownFileType = text.xcconfig; name = "Pods-Giphy-GiphyUITests.release.xcconfig"; path = "Target Support Files/Pods-Giphy-GiphyUITests/Pods-Giphy-GiphyUITests.release.xcconfig"; sourceTree = "<group>"; };
		18E3F00DC0AC454484FD49A8 /* Pods-Giphy.release.xcconfig */ = {isa = PBXFileReference; includeInIndex = 1; lastKnownFileType = text.xcconfig; name = "Pods-Giphy.release.xcconfig"; path = "Target Support Files/Pods-Giphy/Pods-Giphy.release.xcconfig"; sourceTree = "<group>"; };
		4E27C435C7C3B63E0D5C7273 /* Pods-GiphyTests.debug.xcconfig */ = {isa = PBXFileReference; includeInIndex = 1; lastKnownFileType = text.xcconfig; name = "Pods-GiphyTests.debug.xcconfig"; path = "Target Support Files/Pods-GiphyTests/Pods-GiphyTests.debug.xcconfig"; sourceTree = "<group>"; };
		6F26938FF0BD617C385272D2 /* Pods_Giphy.framework */ = {isa = PBXFileReference; explicitFileType = wrapper.framework; includeInIndex = 0; path = Pods_Giphy.framework; sourceTree = BUILT_PRODUCTS_DIR; };
		7705CCAE2A0156E600F33D80 /* GIPNetworkServiceProtocol.swift */ = {isa = PBXFileReference; lastKnownFileType = sourcecode.swift; path = GIPNetworkServiceProtocol.swift; sourceTree = "<group>"; };
		7705CCB02A01578100F33D80 /* GIPMainModel.swift */ = {isa = PBXFileReference; lastKnownFileType = sourcecode.swift; path = GIPMainModel.swift; sourceTree = "<group>"; };
		7705CCB32A01589A00F33D80 /* GIPNetworkServiceExtensions.swift */ = {isa = PBXFileReference; lastKnownFileType = sourcecode.swift; path = GIPNetworkServiceExtensions.swift; sourceTree = "<group>"; };
		7705CCB52A015A7700F33D80 /* NetworkService.swift */ = {isa = PBXFileReference; lastKnownFileType = sourcecode.swift; path = NetworkService.swift; sourceTree = "<group>"; };
		7705CCB82A02B80000F33D80 /* GIPDetailViewViewModel.swift */ = {isa = PBXFileReference; lastKnownFileType = sourcecode.swift; path = GIPDetailViewViewModel.swift; sourceTree = "<group>"; };
		7705CCBB2A03F7F900F33D80 /* GIPProfileViewViewModel.swift */ = {isa = PBXFileReference; lastKnownFileType = sourcecode.swift; path = GIPProfileViewViewModel.swift; sourceTree = "<group>"; };
		7705CCBE2A03F95200F33D80 /* GIPProfileView.swift */ = {isa = PBXFileReference; lastKnownFileType = sourcecode.swift; path = GIPProfileView.swift; sourceTree = "<group>"; };
		7715C17229FA5136003A48CB /* GIPDetailView.swift */ = {isa = PBXFileReference; lastKnownFileType = sourcecode.swift; path = GIPDetailView.swift; sourceTree = "<group>"; };
		7715C17829FA7CA8003A48CB /* GIPDetailViewController.swift */ = {isa = PBXFileReference; lastKnownFileType = sourcecode.swift; path = GIPDetailViewController.swift; sourceTree = "<group>"; };
		77AB639729F6538B00D932D6 /* Giphy.app */ = {isa = PBXFileReference; explicitFileType = wrapper.application; includeInIndex = 0; path = Giphy.app; sourceTree = BUILT_PRODUCTS_DIR; };
		77AB639A29F6538B00D932D6 /* AppDelegate.swift */ = {isa = PBXFileReference; lastKnownFileType = sourcecode.swift; path = AppDelegate.swift; sourceTree = "<group>"; };
		77AB639E29F6538B00D932D6 /* GIPTabViewController.swift */ = {isa = PBXFileReference; lastKnownFileType = sourcecode.swift; path = GIPTabViewController.swift; sourceTree = "<group>"; };
		77AB63A129F6538B00D932D6 /* Base */ = {isa = PBXFileReference; lastKnownFileType = file.storyboard; name = Base; path = Base.lproj/Main.storyboard; sourceTree = "<group>"; };
		77AB63A429F6538B00D932D6 /* Giphy.xcdatamodel */ = {isa = PBXFileReference; lastKnownFileType = wrapper.xcdatamodel; path = Giphy.xcdatamodel; sourceTree = "<group>"; };
		77AB63A629F6538C00D932D6 /* Assets.xcassets */ = {isa = PBXFileReference; lastKnownFileType = folder.assetcatalog; path = Assets.xcassets; sourceTree = "<group>"; };
		77AB63A929F6538C00D932D6 /* Base */ = {isa = PBXFileReference; lastKnownFileType = file.storyboard; name = Base; path = Base.lproj/LaunchScreen.storyboard; sourceTree = "<group>"; };
		77AB63AB29F6538C00D932D6 /* Info.plist */ = {isa = PBXFileReference; lastKnownFileType = text.plist.xml; path = Info.plist; sourceTree = "<group>"; };
		77AB63B029F6538C00D932D6 /* GiphyTests.xctest */ = {isa = PBXFileReference; explicitFileType = wrapper.cfbundle; includeInIndex = 0; path = GiphyTests.xctest; sourceTree = BUILT_PRODUCTS_DIR; };
		77AB63B429F6538C00D932D6 /* GiphyTests.swift */ = {isa = PBXFileReference; lastKnownFileType = sourcecode.swift; path = GiphyTests.swift; sourceTree = "<group>"; };
		77AB63BA29F6538C00D932D6 /* GiphyUITests.xctest */ = {isa = PBXFileReference; explicitFileType = wrapper.cfbundle; includeInIndex = 0; path = GiphyUITests.xctest; sourceTree = BUILT_PRODUCTS_DIR; };
		77AB63BE29F6538C00D932D6 /* GiphyUITests.swift */ = {isa = PBXFileReference; lastKnownFileType = sourcecode.swift; path = GiphyUITests.swift; sourceTree = "<group>"; };
		77AB63C029F6538C00D932D6 /* GiphyUITestsLaunchTests.swift */ = {isa = PBXFileReference; lastKnownFileType = sourcecode.swift; path = GiphyUITestsLaunchTests.swift; sourceTree = "<group>"; };
		77AB63CF29F6746C00D932D6 /* Localizable.strings */ = {isa = PBXFileReference; lastKnownFileType = text.plist.strings; path = Localizable.strings; sourceTree = "<group>"; };
		77B8AD9529FACBDC00C80CFE /* MainCoordinator.swift */ = {isa = PBXFileReference; lastKnownFileType = sourcecode.swift; path = MainCoordinator.swift; sourceTree = "<group>"; };
		77B8AD9729FAD1F200C80CFE /* SearchCoordinator.swift */ = {isa = PBXFileReference; lastKnownFileType = sourcecode.swift; path = SearchCoordinator.swift; sourceTree = "<group>"; };
		77B8AD9929FAD28500C80CFE /* ProfileCoordinator.swift */ = {isa = PBXFileReference; lastKnownFileType = sourcecode.swift; path = ProfileCoordinator.swift; sourceTree = "<group>"; };
		77BD7A3B2A0E820B009A505D /* GIPProfileModel.swift */ = {isa = PBXFileReference; lastKnownFileType = sourcecode.swift; path = GIPProfileModel.swift; sourceTree = "<group>"; };
		77D9227229F78F2400A1111E /* Strings+Generated.swift */ = {isa = PBXFileReference; fileEncoding = 4; lastKnownFileType = sourcecode.swift; name = "Strings+Generated.swift"; path = "Giphy/SwiftGen/Strings+Generated.swift"; sourceTree = SOURCE_ROOT; };
		77D9227529F7991400A1111E /* GIPMainView.swift */ = {isa = PBXFileReference; lastKnownFileType = sourcecode.swift; path = GIPMainView.swift; sourceTree = "<group>"; };
		77D9227729F7999800A1111E /* Extensions.swift */ = {isa = PBXFileReference; lastKnownFileType = sourcecode.swift; path = Extensions.swift; sourceTree = "<group>"; };
		77D9227929F79A1B00A1111E /* GIPMainViewCollectionViewCell.swift */ = {isa = PBXFileReference; lastKnownFileType = sourcecode.swift; path = GIPMainViewCollectionViewCell.swift; sourceTree = "<group>"; };
		77D9227B29F79B3300A1111E /* GIPMainViewViewModel.swift */ = {isa = PBXFileReference; lastKnownFileType = sourcecode.swift; path = GIPMainViewViewModel.swift; sourceTree = "<group>"; };
		77D9228429F8082000A1111E /* Coordinator.swift */ = {isa = PBXFileReference; lastKnownFileType = sourcecode.swift; path = Coordinator.swift; sourceTree = "<group>"; };
		77F293252A0BCC5A0071B8AB /* GIPProfileViewCollectionViewCell.swift */ = {isa = PBXFileReference; lastKnownFileType = sourcecode.swift; path = GIPProfileViewCollectionViewCell.swift; sourceTree = "<group>"; };
		794A167F2A0CFE7A0093EEA2 /* GIPDetailViewViewModel.swift */ = {isa = PBXFileReference; fileEncoding = 4; lastKnownFileType = sourcecode.swift; path = GIPDetailViewViewModel.swift; sourceTree = "<group>"; };
		7967313829F6BDA5008D2D0D /* GIPMainViewController.swift */ = {isa = PBXFileReference; lastKnownFileType = sourcecode.swift; path = GIPMainViewController.swift; sourceTree = "<group>"; };
		7967313A29F6BDBC008D2D0D /* GIPSearchViewController.swift */ = {isa = PBXFileReference; lastKnownFileType = sourcecode.swift; path = GIPSearchViewController.swift; sourceTree = "<group>"; };
		7967313C29F6BDCC008D2D0D /* GIPProfileViewController.swift */ = {isa = PBXFileReference; lastKnownFileType = sourcecode.swift; path = GIPProfileViewController.swift; sourceTree = "<group>"; };
		79A7622D29F944F900FCC907 /* XCAssets+Generated.swift */ = {isa = PBXFileReference; fileEncoding = 4; lastKnownFileType = sourcecode.swift; path = "XCAssets+Generated.swift"; sourceTree = "<group>"; };
		79DF7BAC2A027D1700194DFE /* GIPStartViewController.swift */ = {isa = PBXFileReference; lastKnownFileType = sourcecode.swift; path = GIPStartViewController.swift; sourceTree = "<group>"; };
		79DF7BAE2A028CD300194DFE /* StartCoordinator.swift */ = {isa = PBXFileReference; lastKnownFileType = sourcecode.swift; path = StartCoordinator.swift; sourceTree = "<group>"; };
		79DF7BB12A028D3100194DFE /* GIPStartViewViewModel.swift */ = {isa = PBXFileReference; lastKnownFileType = sourcecode.swift; path = GIPStartViewViewModel.swift; sourceTree = "<group>"; };
		A50218D1854158CAF9BDB46F /* Pods-GiphyTests.release.xcconfig */ = {isa = PBXFileReference; includeInIndex = 1; lastKnownFileType = text.xcconfig; name = "Pods-GiphyTests.release.xcconfig"; path = "Target Support Files/Pods-GiphyTests/Pods-GiphyTests.release.xcconfig"; sourceTree = "<group>"; };
		C74072F6A826EB5D8A8FDDC3 /* Pods-Giphy-GiphyUITests.debug.xcconfig */ = {isa = PBXFileReference; includeInIndex = 1; lastKnownFileType = text.xcconfig; name = "Pods-Giphy-GiphyUITests.debug.xcconfig"; path = "Target Support Files/Pods-Giphy-GiphyUITests/Pods-Giphy-GiphyUITests.debug.xcconfig"; sourceTree = "<group>"; };
		D7DF404E72CE752F3F07C613 /* Pods_Giphy_GiphyUITests.framework */ = {isa = PBXFileReference; explicitFileType = wrapper.framework; includeInIndex = 0; path = Pods_Giphy_GiphyUITests.framework; sourceTree = BUILT_PRODUCTS_DIR; };
		DB52E9247BCF6A0F053F81FE /* Pods_GiphyTests.framework */ = {isa = PBXFileReference; explicitFileType = wrapper.framework; includeInIndex = 0; path = Pods_GiphyTests.framework; sourceTree = BUILT_PRODUCTS_DIR; };
/* End PBXFileReference section */

/* Begin PBXFrameworksBuildPhase section */
		77AB639429F6538B00D932D6 /* Frameworks */ = {
			isa = PBXFrameworksBuildPhase;
			buildActionMask = 2147483647;
			files = (
				034FDDB75410165B29A9393D /* Pods_Giphy.framework in Frameworks */,
			);
			runOnlyForDeploymentPostprocessing = 0;
		};
		77AB63AD29F6538C00D932D6 /* Frameworks */ = {
			isa = PBXFrameworksBuildPhase;
			buildActionMask = 2147483647;
			files = (
				508E38F3226CE889BBEA4902 /* Pods_GiphyTests.framework in Frameworks */,
			);
			runOnlyForDeploymentPostprocessing = 0;
		};
		77AB63B729F6538C00D932D6 /* Frameworks */ = {
			isa = PBXFrameworksBuildPhase;
			buildActionMask = 2147483647;
			files = (
				81594905EE647EDCF5A44F5F /* Pods_Giphy_GiphyUITests.framework in Frameworks */,
			);
			runOnlyForDeploymentPostprocessing = 0;
		};
/* End PBXFrameworksBuildPhase section */

/* Begin PBXGroup section */
		56ABA3BD03E4B7AF6A013883 /* Pods */ = {
			isa = PBXGroup;
			children = (
				1567BE5EC06BB2F8DB873DC7 /* Pods-Giphy.debug.xcconfig */,
				18E3F00DC0AC454484FD49A8 /* Pods-Giphy.release.xcconfig */,
				C74072F6A826EB5D8A8FDDC3 /* Pods-Giphy-GiphyUITests.debug.xcconfig */,
				15E55646AB8B475B460BCDC5 /* Pods-Giphy-GiphyUITests.release.xcconfig */,
				4E27C435C7C3B63E0D5C7273 /* Pods-GiphyTests.debug.xcconfig */,
				A50218D1854158CAF9BDB46F /* Pods-GiphyTests.release.xcconfig */,
			);
			path = Pods;
			sourceTree = "<group>";
		};
		7705CCB22A01585300F33D80 /* NetworkService */ = {
			isa = PBXGroup;
			children = (
				7705CCAE2A0156E600F33D80 /* GIPNetworkServiceProtocol.swift */,
				7705CCB32A01589A00F33D80 /* GIPNetworkServiceExtensions.swift */,
				7705CCB52A015A7700F33D80 /* NetworkService.swift */,
			);
			path = NetworkService;
			sourceTree = "<group>";
		};
		7705CCB72A02B7F100F33D80 /* DetailViewModel */ = {
			isa = PBXGroup;
			children = (
				7705CCB82A02B80000F33D80 /* GIPDetailViewViewModel.swift */,
			);
			path = DetailViewModel;
			sourceTree = "<group>";
		};
		7705CCBA2A03F7D800F33D80 /* ProfileViewModel */ = {
			isa = PBXGroup;
			children = (
				7705CCBB2A03F7F900F33D80 /* GIPProfileViewViewModel.swift */,
			);
			path = ProfileViewModel;
			sourceTree = "<group>";
		};
		7705CCBD2A03F93E00F33D80 /* ProfileView */ = {
			isa = PBXGroup;
			children = (
				7705CCBE2A03F95200F33D80 /* GIPProfileView.swift */,
				77F293252A0BCC5A0071B8AB /* GIPProfileViewCollectionViewCell.swift */,
			);
			path = ProfileView;
			sourceTree = "<group>";
		};
		7715C17129FA511C003A48CB /* DetailView */ = {
			isa = PBXGroup;
			children = (
				7715C17229FA5136003A48CB /* GIPDetailView.swift */,
			);
			path = DetailView;
			sourceTree = "<group>";
		};
		77AB638E29F6538B00D932D6 = {
			isa = PBXGroup;
			children = (
				77AB639929F6538B00D932D6 /* Giphy */,
				77AB63B329F6538C00D932D6 /* GiphyTests */,
				77AB63BD29F6538C00D932D6 /* GiphyUITests */,
				77AB639829F6538B00D932D6 /* Products */,
				56ABA3BD03E4B7AF6A013883 /* Pods */,
				B3D134CD0F6BF8D8F7A0D1F4 /* Frameworks */,
				79D4942C2A0CF12000935365 /* Recovered References */,
			);
			sourceTree = "<group>";
		};
		77AB639829F6538B00D932D6 /* Products */ = {
			isa = PBXGroup;
			children = (
				77AB639729F6538B00D932D6 /* Giphy.app */,
				77AB63B029F6538C00D932D6 /* GiphyTests.xctest */,
				77AB63BA29F6538C00D932D6 /* GiphyUITests.xctest */,
			);
			name = Products;
			sourceTree = "<group>";
		};
		77AB639929F6538B00D932D6 /* Giphy */ = {
			isa = PBXGroup;
			children = (
				77D9228329F8080D00A1111E /* Coordinators */,
				77D9228229F7A2CD00A1111E /* SwiftGen */,
				7967313129F6B8AD008D2D0D /* Resources */,
				77D9227429F798FD00A1111E /* Services */,
				7967313029F6B894008D2D0D /* ViewModels */,
				7967312F29F6B88F008D2D0D /* Views */,
				7967312E29F6B889008D2D0D /* Models */,
				7967312D29F6B876008D2D0D /* Controllers */,
				77AB63AB29F6538C00D932D6 /* Info.plist */,
			);
			path = Giphy;
			sourceTree = "<group>";
		};
		77AB63B329F6538C00D932D6 /* GiphyTests */ = {
			isa = PBXGroup;
			children = (
				77AB63B429F6538C00D932D6 /* GiphyTests.swift */,
			);
			path = GiphyTests;
			sourceTree = "<group>";
		};
		77AB63BD29F6538C00D932D6 /* GiphyUITests */ = {
			isa = PBXGroup;
			children = (
				77AB63BE29F6538C00D932D6 /* GiphyUITests.swift */,
				77AB63C029F6538C00D932D6 /* GiphyUITestsLaunchTests.swift */,
			);
			path = GiphyUITests;
			sourceTree = "<group>";
		};
		77BD7A382A0E71E5009A505D /* ProfileView */ = {
			isa = PBXGroup;
			children = (
				77BD7A3B2A0E820B009A505D /* GIPProfileModel.swift */,
			);
			path = ProfileView;
			sourceTree = "<group>";
		};
		77D9227429F798FD00A1111E /* Services */ = {
			isa = PBXGroup;
			children = (
				7705CCB22A01585300F33D80 /* NetworkService */,
			);
			path = Services;
			sourceTree = "<group>";
		};
		77D9227D29F79E8E00A1111E /* MainView */ = {
			isa = PBXGroup;
			children = (
				77D9227529F7991400A1111E /* GIPMainView.swift */,
				77D9227929F79A1B00A1111E /* GIPMainViewCollectionViewCell.swift */,
			);
			path = MainView;
			sourceTree = "<group>";
		};
		77D9227E29F79E9800A1111E /* MainViewModel */ = {
			isa = PBXGroup;
			children = (
				77D9227B29F79B3300A1111E /* GIPMainViewViewModel.swift */,
			);
			path = MainViewModel;
			sourceTree = "<group>";
		};
		77D9227F29F79EAD00A1111E /* Core */ = {
			isa = PBXGroup;
			children = (
				7967313829F6BDA5008D2D0D /* GIPMainViewController.swift */,
				7967313A29F6BDBC008D2D0D /* GIPSearchViewController.swift */,
				7967313C29F6BDCC008D2D0D /* GIPProfileViewController.swift */,
				7715C17829FA7CA8003A48CB /* GIPDetailViewController.swift */,
			);
			path = Core;
			sourceTree = "<group>";
		};
		77D9228029F79EBA00A1111E /* Tab bar */ = {
			isa = PBXGroup;
			children = (
				77AB639E29F6538B00D932D6 /* GIPTabViewController.swift */,
			);
			path = "Tab bar";
			sourceTree = "<group>";
		};
		77D9228129F79ECA00A1111E /* MainView */ = {
			isa = PBXGroup;
			children = (
				7705CCB02A01578100F33D80 /* GIPMainModel.swift */,
			);
			path = MainView;
			sourceTree = "<group>";
		};
		77D9228229F7A2CD00A1111E /* SwiftGen */ = {
			isa = PBXGroup;
			children = (
				77D9227229F78F2400A1111E /* Strings+Generated.swift */,
				79A7622D29F944F900FCC907 /* XCAssets+Generated.swift */,
				77AB63CF29F6746C00D932D6 /* Localizable.strings */,
			);
			path = SwiftGen;
			sourceTree = "<group>";
		};
		77D9228329F8080D00A1111E /* Coordinators */ = {
			isa = PBXGroup;
			children = (
				77D9228429F8082000A1111E /* Coordinator.swift */,
				79DF7BAE2A028CD300194DFE /* StartCoordinator.swift */,
				77B8AD9529FACBDC00C80CFE /* MainCoordinator.swift */,
				77B8AD9729FAD1F200C80CFE /* SearchCoordinator.swift */,
				77B8AD9929FAD28500C80CFE /* ProfileCoordinator.swift */,
			);
			path = Coordinators;
			sourceTree = "<group>";
		};
		794A167E2A0CFE7A0093EEA2 /* DetailViewModel */ = {
			isa = PBXGroup;
			children = (
				794A167F2A0CFE7A0093EEA2 /* GIPDetailViewViewModel.swift */,
			);
			path = DetailViewModel;
			sourceTree = "<group>";
		};
		7967312D29F6B876008D2D0D /* Controllers */ = {
			isa = PBXGroup;
			children = (
				79DF7BAC2A027D1700194DFE /* GIPStartViewController.swift */,
				77D9228029F79EBA00A1111E /* Tab bar */,
				77D9227F29F79EAD00A1111E /* Core */,
			);
			path = Controllers;
			sourceTree = "<group>";
		};
		7967312E29F6B889008D2D0D /* Models */ = {
			isa = PBXGroup;
			children = (
				77BD7A382A0E71E5009A505D /* ProfileView */,
				77D9228129F79ECA00A1111E /* MainView */,
			);
			path = Models;
			sourceTree = "<group>";
		};
		7967312F29F6B88F008D2D0D /* Views */ = {
			isa = PBXGroup;
			children = (
				7705CCBD2A03F93E00F33D80 /* ProfileView */,
				7715C17129FA511C003A48CB /* DetailView */,
				77D9227D29F79E8E00A1111E /* MainView */,
			);
			path = Views;
			sourceTree = "<group>";
		};
		7967313029F6B894008D2D0D /* ViewModels */ = {
			isa = PBXGroup;
			children = (
				7705CCBA2A03F7D800F33D80 /* ProfileViewModel */,
				7705CCB72A02B7F100F33D80 /* DetailViewModel */,
				794A167E2A0CFE7A0093EEA2 /* DetailViewModel */,
				79DF7BB02A028D1E00194DFE /* StartViewModel */,
				77D9227E29F79E9800A1111E /* MainViewModel */,
			);
			path = ViewModels;
			sourceTree = "<group>";
		};
		7967313129F6B8AD008D2D0D /* Resources */ = {
			isa = PBXGroup;
			children = (
				77AB639A29F6538B00D932D6 /* AppDelegate.swift */,
				77AB63A629F6538C00D932D6 /* Assets.xcassets */,
				77AB63A029F6538B00D932D6 /* Main.storyboard */,
				77AB63A829F6538C00D932D6 /* LaunchScreen.storyboard */,
				77AB63A329F6538B00D932D6 /* Giphy.xcdatamodeld */,
				77D9227729F7999800A1111E /* Extensions.swift */,
			);
			path = Resources;
			sourceTree = "<group>";
		};
		79D4942C2A0CF12000935365 /* Recovered References */ = {
			isa = PBXGroup;
			children = (
				7705CCB82A02B80000F33D80 /* GIPDetailViewViewModel.swift */,
			);
			name = "Recovered References";
			sourceTree = "<group>";
		};
		79DF7BB02A028D1E00194DFE /* StartViewModel */ = {
			isa = PBXGroup;
			children = (
				79DF7BB12A028D3100194DFE /* GIPStartViewViewModel.swift */,
			);
			path = StartViewModel;
			sourceTree = "<group>";
		};
		B3D134CD0F6BF8D8F7A0D1F4 /* Frameworks */ = {
			isa = PBXGroup;
			children = (
				6F26938FF0BD617C385272D2 /* Pods_Giphy.framework */,
				D7DF404E72CE752F3F07C613 /* Pods_Giphy_GiphyUITests.framework */,
				DB52E9247BCF6A0F053F81FE /* Pods_GiphyTests.framework */,
			);
			name = Frameworks;
			sourceTree = "<group>";
		};
/* End PBXGroup section */

/* Begin PBXNativeTarget section */
		77AB639629F6538B00D932D6 /* Giphy */ = {
			isa = PBXNativeTarget;
			buildConfigurationList = 77AB63C429F6538C00D932D6 /* Build configuration list for PBXNativeTarget "Giphy" */;
			buildPhases = (
				F8DF43AAE70F5234B329671A /* [CP] Check Pods Manifest.lock */,
				77AB63CD29F6735F00D932D6 /* SwiftLint */,
				77AB639329F6538B00D932D6 /* Sources */,
				77AB639429F6538B00D932D6 /* Frameworks */,
				77AB639529F6538B00D932D6 /* Resources */,
				77AB63D529F67A3600D932D6 /* SwiftGen */,
				08ED3394CA331537C55D66E3 /* [CP] Embed Pods Frameworks */,
			);
			buildRules = (
			);
			dependencies = (
			);
			name = Giphy;
			productName = Giphy;
			productReference = 77AB639729F6538B00D932D6 /* Giphy.app */;
			productType = "com.apple.product-type.application";
		};
		77AB63AF29F6538C00D932D6 /* GiphyTests */ = {
			isa = PBXNativeTarget;
			buildConfigurationList = 77AB63C729F6538C00D932D6 /* Build configuration list for PBXNativeTarget "GiphyTests" */;
			buildPhases = (
				9AE909E6EBCA590530193605 /* [CP] Check Pods Manifest.lock */,
				77AB63AC29F6538C00D932D6 /* Sources */,
				77AB63AD29F6538C00D932D6 /* Frameworks */,
				77AB63AE29F6538C00D932D6 /* Resources */,
			);
			buildRules = (
			);
			dependencies = (
				77AB63B229F6538C00D932D6 /* PBXTargetDependency */,
			);
			name = GiphyTests;
			productName = GiphyTests;
			productReference = 77AB63B029F6538C00D932D6 /* GiphyTests.xctest */;
			productType = "com.apple.product-type.bundle.unit-test";
		};
		77AB63B929F6538C00D932D6 /* GiphyUITests */ = {
			isa = PBXNativeTarget;
			buildConfigurationList = 77AB63CA29F6538C00D932D6 /* Build configuration list for PBXNativeTarget "GiphyUITests" */;
			buildPhases = (
				F0DBC0ED241814B2733BE65D /* [CP] Check Pods Manifest.lock */,
				77AB63B629F6538C00D932D6 /* Sources */,
				77AB63B729F6538C00D932D6 /* Frameworks */,
				77AB63B829F6538C00D932D6 /* Resources */,
				79A31D8E6FDF52E475C064BC /* [CP] Embed Pods Frameworks */,
			);
			buildRules = (
			);
			dependencies = (
				77AB63BC29F6538C00D932D6 /* PBXTargetDependency */,
			);
			name = GiphyUITests;
			productName = GiphyUITests;
			productReference = 77AB63BA29F6538C00D932D6 /* GiphyUITests.xctest */;
			productType = "com.apple.product-type.bundle.ui-testing";
		};
/* End PBXNativeTarget section */

/* Begin PBXProject section */
		77AB638F29F6538B00D932D6 /* Project object */ = {
			isa = PBXProject;
			attributes = {
				BuildIndependentTargetsInParallel = 1;
				LastSwiftUpdateCheck = 1430;
				LastUpgradeCheck = 1430;
				TargetAttributes = {
					77AB639629F6538B00D932D6 = {
						CreatedOnToolsVersion = 14.3;
					};
					77AB63AF29F6538C00D932D6 = {
						CreatedOnToolsVersion = 14.3;
						TestTargetID = 77AB639629F6538B00D932D6;
					};
					77AB63B929F6538C00D932D6 = {
						CreatedOnToolsVersion = 14.3;
						TestTargetID = 77AB639629F6538B00D932D6;
					};
				};
			};
			buildConfigurationList = 77AB639229F6538B00D932D6 /* Build configuration list for PBXProject "Giphy" */;
			compatibilityVersion = "Xcode 14.0";
			developmentRegion = en;
			hasScannedForEncodings = 0;
			knownRegions = (
				en,
				Base,
			);
			mainGroup = 77AB638E29F6538B00D932D6;
			productRefGroup = 77AB639829F6538B00D932D6 /* Products */;
			projectDirPath = "";
			projectRoot = "";
			targets = (
				77AB639629F6538B00D932D6 /* Giphy */,
				77AB63AF29F6538C00D932D6 /* GiphyTests */,
				77AB63B929F6538C00D932D6 /* GiphyUITests */,
			);
		};
/* End PBXProject section */

/* Begin PBXResourcesBuildPhase section */
		77AB639529F6538B00D932D6 /* Resources */ = {
			isa = PBXResourcesBuildPhase;
			buildActionMask = 2147483647;
			files = (
				77AB63AA29F6538C00D932D6 /* LaunchScreen.storyboard in Resources */,
				77AB63D029F6746C00D932D6 /* Localizable.strings in Resources */,
				77AB63A729F6538C00D932D6 /* Assets.xcassets in Resources */,
				77AB63A229F6538B00D932D6 /* Main.storyboard in Resources */,
			);
			runOnlyForDeploymentPostprocessing = 0;
		};
		77AB63AE29F6538C00D932D6 /* Resources */ = {
			isa = PBXResourcesBuildPhase;
			buildActionMask = 2147483647;
			files = (
			);
			runOnlyForDeploymentPostprocessing = 0;
		};
		77AB63B829F6538C00D932D6 /* Resources */ = {
			isa = PBXResourcesBuildPhase;
			buildActionMask = 2147483647;
			files = (
			);
			runOnlyForDeploymentPostprocessing = 0;
		};
/* End PBXResourcesBuildPhase section */

/* Begin PBXShellScriptBuildPhase section */
		08ED3394CA331537C55D66E3 /* [CP] Embed Pods Frameworks */ = {
			isa = PBXShellScriptBuildPhase;
			buildActionMask = 2147483647;
			files = (
			);
			inputFileListPaths = (
				"${PODS_ROOT}/Target Support Files/Pods-Giphy/Pods-Giphy-frameworks-${CONFIGURATION}-input-files.xcfilelist",
			);
			name = "[CP] Embed Pods Frameworks";
			outputFileListPaths = (
				"${PODS_ROOT}/Target Support Files/Pods-Giphy/Pods-Giphy-frameworks-${CONFIGURATION}-output-files.xcfilelist",
			);
			runOnlyForDeploymentPostprocessing = 0;
			shellPath = /bin/sh;
			shellScript = "\"${PODS_ROOT}/Target Support Files/Pods-Giphy/Pods-Giphy-frameworks.sh\"\n";
			showEnvVarsInLog = 0;
		};
		77AB63CD29F6735F00D932D6 /* SwiftLint */ = {
			isa = PBXShellScriptBuildPhase;
			buildActionMask = 2147483647;
			files = (
			);
			inputFileListPaths = (
			);
			inputPaths = (
			);
			name = SwiftLint;
			outputFileListPaths = (
			);
			outputPaths = (
			);
			runOnlyForDeploymentPostprocessing = 0;
			shellPath = /bin/sh;
			shellScript = "\"${PODS_ROOT}/SwiftLint/swiftlint\"\n";
		};
		77AB63D529F67A3600D932D6 /* SwiftGen */ = {
			isa = PBXShellScriptBuildPhase;
			buildActionMask = 2147483647;
			files = (
			);
			inputFileListPaths = (
			);
			inputPaths = (
			);
			name = SwiftGen;
			outputFileListPaths = (
			);
			outputPaths = (
			);
			runOnlyForDeploymentPostprocessing = 0;
			shellPath = /bin/sh;
			shellScript = "if [[ -f \"${PODS_ROOT}/SwiftGen/bin/swiftgen\" ]]; then\n  \"${PODS_ROOT}/SwiftGen/bin/swiftgen\"\nelse\n  echo \"warning: SwiftGen is not installed. Run 'pod install --repo-update' to install it.\"\nfi\n";
		};
		79A31D8E6FDF52E475C064BC /* [CP] Embed Pods Frameworks */ = {
			isa = PBXShellScriptBuildPhase;
			buildActionMask = 2147483647;
			files = (
			);
			inputFileListPaths = (
				"${PODS_ROOT}/Target Support Files/Pods-Giphy-GiphyUITests/Pods-Giphy-GiphyUITests-frameworks-${CONFIGURATION}-input-files.xcfilelist",
			);
			name = "[CP] Embed Pods Frameworks";
			outputFileListPaths = (
				"${PODS_ROOT}/Target Support Files/Pods-Giphy-GiphyUITests/Pods-Giphy-GiphyUITests-frameworks-${CONFIGURATION}-output-files.xcfilelist",
			);
			runOnlyForDeploymentPostprocessing = 0;
			shellPath = /bin/sh;
			shellScript = "\"${PODS_ROOT}/Target Support Files/Pods-Giphy-GiphyUITests/Pods-Giphy-GiphyUITests-frameworks.sh\"\n";
			showEnvVarsInLog = 0;
		};
		9AE909E6EBCA590530193605 /* [CP] Check Pods Manifest.lock */ = {
			isa = PBXShellScriptBuildPhase;
			buildActionMask = 2147483647;
			files = (
			);
			inputFileListPaths = (
			);
			inputPaths = (
				"${PODS_PODFILE_DIR_PATH}/Podfile.lock",
				"${PODS_ROOT}/Manifest.lock",
			);
			name = "[CP] Check Pods Manifest.lock";
			outputFileListPaths = (
			);
			outputPaths = (
				"$(DERIVED_FILE_DIR)/Pods-GiphyTests-checkManifestLockResult.txt",
			);
			runOnlyForDeploymentPostprocessing = 0;
			shellPath = /bin/sh;
			shellScript = "diff \"${PODS_PODFILE_DIR_PATH}/Podfile.lock\" \"${PODS_ROOT}/Manifest.lock\" > /dev/null\nif [ $? != 0 ] ; then\n    # print error to STDERR\n    echo \"error: The sandbox is not in sync with the Podfile.lock. Run 'pod install' or update your CocoaPods installation.\" >&2\n    exit 1\nfi\n# This output is used by Xcode 'outputs' to avoid re-running this script phase.\necho \"SUCCESS\" > \"${SCRIPT_OUTPUT_FILE_0}\"\n";
			showEnvVarsInLog = 0;
		};
		F0DBC0ED241814B2733BE65D /* [CP] Check Pods Manifest.lock */ = {
			isa = PBXShellScriptBuildPhase;
			buildActionMask = 2147483647;
			files = (
			);
			inputFileListPaths = (
			);
			inputPaths = (
				"${PODS_PODFILE_DIR_PATH}/Podfile.lock",
				"${PODS_ROOT}/Manifest.lock",
			);
			name = "[CP] Check Pods Manifest.lock";
			outputFileListPaths = (
			);
			outputPaths = (
				"$(DERIVED_FILE_DIR)/Pods-Giphy-GiphyUITests-checkManifestLockResult.txt",
			);
			runOnlyForDeploymentPostprocessing = 0;
			shellPath = /bin/sh;
			shellScript = "diff \"${PODS_PODFILE_DIR_PATH}/Podfile.lock\" \"${PODS_ROOT}/Manifest.lock\" > /dev/null\nif [ $? != 0 ] ; then\n    # print error to STDERR\n    echo \"error: The sandbox is not in sync with the Podfile.lock. Run 'pod install' or update your CocoaPods installation.\" >&2\n    exit 1\nfi\n# This output is used by Xcode 'outputs' to avoid re-running this script phase.\necho \"SUCCESS\" > \"${SCRIPT_OUTPUT_FILE_0}\"\n";
			showEnvVarsInLog = 0;
		};
		F8DF43AAE70F5234B329671A /* [CP] Check Pods Manifest.lock */ = {
			isa = PBXShellScriptBuildPhase;
			buildActionMask = 2147483647;
			files = (
			);
			inputFileListPaths = (
			);
			inputPaths = (
				"${PODS_PODFILE_DIR_PATH}/Podfile.lock",
				"${PODS_ROOT}/Manifest.lock",
			);
			name = "[CP] Check Pods Manifest.lock";
			outputFileListPaths = (
			);
			outputPaths = (
				"$(DERIVED_FILE_DIR)/Pods-Giphy-checkManifestLockResult.txt",
			);
			runOnlyForDeploymentPostprocessing = 0;
			shellPath = /bin/sh;
			shellScript = "diff \"${PODS_PODFILE_DIR_PATH}/Podfile.lock\" \"${PODS_ROOT}/Manifest.lock\" > /dev/null\nif [ $? != 0 ] ; then\n    # print error to STDERR\n    echo \"error: The sandbox is not in sync with the Podfile.lock. Run 'pod install' or update your CocoaPods installation.\" >&2\n    exit 1\nfi\n# This output is used by Xcode 'outputs' to avoid re-running this script phase.\necho \"SUCCESS\" > \"${SCRIPT_OUTPUT_FILE_0}\"\n";
			showEnvVarsInLog = 0;
		};
/* End PBXShellScriptBuildPhase section */

/* Begin PBXSourcesBuildPhase section */
		77AB639329F6538B00D932D6 /* Sources */ = {
			isa = PBXSourcesBuildPhase;
			buildActionMask = 2147483647;
			files = (
				79D494312A0CF46500935365 /* GIPMainModel.swift in Sources */,
				7705CCB62A015A7700F33D80 /* NetworkService.swift in Sources */,
				7705CCB42A01589A00F33D80 /* GIPNetworkServiceExtensions.swift in Sources */,
				79A7622E29F944F900FCC907 /* XCAssets+Generated.swift in Sources */,
				7705CCBF2A03F95200F33D80 /* GIPProfileView.swift in Sources */,
				77AB639F29F6538B00D932D6 /* GIPTabViewController.swift in Sources */,
				77F293262A0BCC5A0071B8AB /* GIPProfileViewCollectionViewCell.swift in Sources */,
				77D9227329F78F2400A1111E /* Strings+Generated.swift in Sources */,
				77D9228529F8082000A1111E /* Coordinator.swift in Sources */,
				7967313B29F6BDBC008D2D0D /* GIPSearchViewController.swift in Sources */,
				7705CCBC2A03F7F900F33D80 /* GIPProfileViewViewModel.swift in Sources */,
				77AB639B29F6538B00D932D6 /* AppDelegate.swift in Sources */,
				7715C17329FA5136003A48CB /* GIPDetailView.swift in Sources */,
				79DF7BAF2A028CD300194DFE /* StartCoordinator.swift in Sources */,
				77B8AD9629FACBDC00C80CFE /* MainCoordinator.swift in Sources */,
				77B8AD9A29FAD28500C80CFE /* ProfileCoordinator.swift in Sources */,
				77BD7A3C2A0E820B009A505D /* GIPProfileModel.swift in Sources */,
				77B8AD9829FAD1F200C80CFE /* SearchCoordinator.swift in Sources */,
				77D9227C29F79B3300A1111E /* GIPMainViewViewModel.swift in Sources */,
				77D9227829F7999800A1111E /* Extensions.swift in Sources */,
				7705CCAF2A0156E600F33D80 /* GIPNetworkServiceProtocol.swift in Sources */,
				7967313D29F6BDCC008D2D0D /* GIPProfileViewController.swift in Sources */,
				77AB63A529F6538B00D932D6 /* Giphy.xcdatamodeld in Sources */,
				79DF7BAD2A027D1700194DFE /* GIPStartViewController.swift in Sources */,
				77D9227629F7991400A1111E /* GIPMainView.swift in Sources */,
				79DF7BB22A028D3100194DFE /* GIPStartViewViewModel.swift in Sources */,
				7967313929F6BDA5008D2D0D /* GIPMainViewController.swift in Sources */,
				7715C17929FA7CA8003A48CB /* GIPDetailViewController.swift in Sources */,
				794A16802A0CFE7A0093EEA2 /* GIPDetailViewViewModel.swift in Sources */,
				77D9227A29F79A1B00A1111E /* GIPMainViewCollectionViewCell.swift in Sources */,
			);
			runOnlyForDeploymentPostprocessing = 0;
		};
		77AB63AC29F6538C00D932D6 /* Sources */ = {
			isa = PBXSourcesBuildPhase;
			buildActionMask = 2147483647;
			files = (
				77AB63B529F6538C00D932D6 /* GiphyTests.swift in Sources */,
			);
			runOnlyForDeploymentPostprocessing = 0;
		};
		77AB63B629F6538C00D932D6 /* Sources */ = {
			isa = PBXSourcesBuildPhase;
			buildActionMask = 2147483647;
			files = (
				77AB63C129F6538C00D932D6 /* GiphyUITestsLaunchTests.swift in Sources */,
				77AB63BF29F6538C00D932D6 /* GiphyUITests.swift in Sources */,
			);
			runOnlyForDeploymentPostprocessing = 0;
		};
/* End PBXSourcesBuildPhase section */

/* Begin PBXTargetDependency section */
		77AB63B229F6538C00D932D6 /* PBXTargetDependency */ = {
			isa = PBXTargetDependency;
			target = 77AB639629F6538B00D932D6 /* Giphy */;
			targetProxy = 77AB63B129F6538C00D932D6 /* PBXContainerItemProxy */;
		};
		77AB63BC29F6538C00D932D6 /* PBXTargetDependency */ = {
			isa = PBXTargetDependency;
			target = 77AB639629F6538B00D932D6 /* Giphy */;
			targetProxy = 77AB63BB29F6538C00D932D6 /* PBXContainerItemProxy */;
		};
/* End PBXTargetDependency section */

/* Begin PBXVariantGroup section */
		77AB63A029F6538B00D932D6 /* Main.storyboard */ = {
			isa = PBXVariantGroup;
			children = (
				77AB63A129F6538B00D932D6 /* Base */,
			);
			name = Main.storyboard;
			sourceTree = "<group>";
		};
		77AB63A829F6538C00D932D6 /* LaunchScreen.storyboard */ = {
			isa = PBXVariantGroup;
			children = (
				77AB63A929F6538C00D932D6 /* Base */,
			);
			name = LaunchScreen.storyboard;
			sourceTree = "<group>";
		};
/* End PBXVariantGroup section */

/* Begin XCBuildConfiguration section */
		77AB63C229F6538C00D932D6 /* Debug */ = {
			isa = XCBuildConfiguration;
			buildSettings = {
				ALWAYS_SEARCH_USER_PATHS = NO;
				CLANG_ANALYZER_NONNULL = YES;
				CLANG_ANALYZER_NUMBER_OBJECT_CONVERSION = YES_AGGRESSIVE;
				CLANG_CXX_LANGUAGE_STANDARD = "gnu++20";
				CLANG_ENABLE_MODULES = YES;
				CLANG_ENABLE_OBJC_ARC = YES;
				CLANG_ENABLE_OBJC_WEAK = YES;
				CLANG_WARN_BLOCK_CAPTURE_AUTORELEASING = YES;
				CLANG_WARN_BOOL_CONVERSION = YES;
				CLANG_WARN_COMMA = YES;
				CLANG_WARN_CONSTANT_CONVERSION = YES;
				CLANG_WARN_DEPRECATED_OBJC_IMPLEMENTATIONS = YES;
				CLANG_WARN_DIRECT_OBJC_ISA_USAGE = YES_ERROR;
				CLANG_WARN_DOCUMENTATION_COMMENTS = YES;
				CLANG_WARN_EMPTY_BODY = YES;
				CLANG_WARN_ENUM_CONVERSION = YES;
				CLANG_WARN_INFINITE_RECURSION = YES;
				CLANG_WARN_INT_CONVERSION = YES;
				CLANG_WARN_NON_LITERAL_NULL_CONVERSION = YES;
				CLANG_WARN_OBJC_IMPLICIT_RETAIN_SELF = YES;
				CLANG_WARN_OBJC_LITERAL_CONVERSION = YES;
				CLANG_WARN_OBJC_ROOT_CLASS = YES_ERROR;
				CLANG_WARN_QUOTED_INCLUDE_IN_FRAMEWORK_HEADER = NO;
				CLANG_WARN_RANGE_LOOP_ANALYSIS = YES;
				CLANG_WARN_STRICT_PROTOTYPES = YES;
				CLANG_WARN_SUSPICIOUS_MOVE = YES;
				CLANG_WARN_UNGUARDED_AVAILABILITY = YES_AGGRESSIVE;
				CLANG_WARN_UNREACHABLE_CODE = YES;
				CLANG_WARN__DUPLICATE_METHOD_MATCH = YES;
				COPY_PHASE_STRIP = NO;
				DEBUG_INFORMATION_FORMAT = dwarf;
				ENABLE_STRICT_OBJC_MSGSEND = YES;
				ENABLE_TESTABILITY = YES;
				GCC_C_LANGUAGE_STANDARD = gnu11;
				GCC_DYNAMIC_NO_PIC = NO;
				GCC_NO_COMMON_BLOCKS = YES;
				GCC_OPTIMIZATION_LEVEL = 0;
				GCC_PREPROCESSOR_DEFINITIONS = (
					"DEBUG=1",
					"$(inherited)",
				);
				GCC_WARN_64_TO_32_BIT_CONVERSION = YES;
				GCC_WARN_ABOUT_RETURN_TYPE = YES_ERROR;
				GCC_WARN_UNDECLARED_SELECTOR = YES;
				GCC_WARN_UNINITIALIZED_AUTOS = YES_AGGRESSIVE;
				GCC_WARN_UNUSED_FUNCTION = YES;
				GCC_WARN_UNUSED_VARIABLE = YES;
				IPHONEOS_DEPLOYMENT_TARGET = 16.4;
				MTL_ENABLE_DEBUG_INFO = INCLUDE_SOURCE;
				MTL_FAST_MATH = YES;
				ONLY_ACTIVE_ARCH = YES;
				SDKROOT = iphoneos;
				SWIFT_ACTIVE_COMPILATION_CONDITIONS = DEBUG;
				SWIFT_OPTIMIZATION_LEVEL = "-Onone";
			};
			name = Debug;
		};
		77AB63C329F6538C00D932D6 /* Release */ = {
			isa = XCBuildConfiguration;
			buildSettings = {
				ALWAYS_SEARCH_USER_PATHS = NO;
				CLANG_ANALYZER_NONNULL = YES;
				CLANG_ANALYZER_NUMBER_OBJECT_CONVERSION = YES_AGGRESSIVE;
				CLANG_CXX_LANGUAGE_STANDARD = "gnu++20";
				CLANG_ENABLE_MODULES = YES;
				CLANG_ENABLE_OBJC_ARC = YES;
				CLANG_ENABLE_OBJC_WEAK = YES;
				CLANG_WARN_BLOCK_CAPTURE_AUTORELEASING = YES;
				CLANG_WARN_BOOL_CONVERSION = YES;
				CLANG_WARN_COMMA = YES;
				CLANG_WARN_CONSTANT_CONVERSION = YES;
				CLANG_WARN_DEPRECATED_OBJC_IMPLEMENTATIONS = YES;
				CLANG_WARN_DIRECT_OBJC_ISA_USAGE = YES_ERROR;
				CLANG_WARN_DOCUMENTATION_COMMENTS = YES;
				CLANG_WARN_EMPTY_BODY = YES;
				CLANG_WARN_ENUM_CONVERSION = YES;
				CLANG_WARN_INFINITE_RECURSION = YES;
				CLANG_WARN_INT_CONVERSION = YES;
				CLANG_WARN_NON_LITERAL_NULL_CONVERSION = YES;
				CLANG_WARN_OBJC_IMPLICIT_RETAIN_SELF = YES;
				CLANG_WARN_OBJC_LITERAL_CONVERSION = YES;
				CLANG_WARN_OBJC_ROOT_CLASS = YES_ERROR;
				CLANG_WARN_QUOTED_INCLUDE_IN_FRAMEWORK_HEADER = NO;
				CLANG_WARN_RANGE_LOOP_ANALYSIS = YES;
				CLANG_WARN_STRICT_PROTOTYPES = YES;
				CLANG_WARN_SUSPICIOUS_MOVE = YES;
				CLANG_WARN_UNGUARDED_AVAILABILITY = YES_AGGRESSIVE;
				CLANG_WARN_UNREACHABLE_CODE = YES;
				CLANG_WARN__DUPLICATE_METHOD_MATCH = YES;
				COPY_PHASE_STRIP = NO;
				DEBUG_INFORMATION_FORMAT = "dwarf-with-dsym";
				ENABLE_NS_ASSERTIONS = NO;
				ENABLE_STRICT_OBJC_MSGSEND = YES;
				GCC_C_LANGUAGE_STANDARD = gnu11;
				GCC_NO_COMMON_BLOCKS = YES;
				GCC_WARN_64_TO_32_BIT_CONVERSION = YES;
				GCC_WARN_ABOUT_RETURN_TYPE = YES_ERROR;
				GCC_WARN_UNDECLARED_SELECTOR = YES;
				GCC_WARN_UNINITIALIZED_AUTOS = YES_AGGRESSIVE;
				GCC_WARN_UNUSED_FUNCTION = YES;
				GCC_WARN_UNUSED_VARIABLE = YES;
				IPHONEOS_DEPLOYMENT_TARGET = 16.4;
				MTL_ENABLE_DEBUG_INFO = NO;
				MTL_FAST_MATH = YES;
				SDKROOT = iphoneos;
				SWIFT_COMPILATION_MODE = wholemodule;
				SWIFT_OPTIMIZATION_LEVEL = "-O";
				VALIDATE_PRODUCT = YES;
			};
			name = Release;
		};
		77AB63C529F6538C00D932D6 /* Debug */ = {
			isa = XCBuildConfiguration;
			baseConfigurationReference = 1567BE5EC06BB2F8DB873DC7 /* Pods-Giphy.debug.xcconfig */;
			buildSettings = {
				ASSETCATALOG_COMPILER_APPICON_NAME = AppIcon;
				ASSETCATALOG_COMPILER_GLOBAL_ACCENT_COLOR_NAME = AccentColor;
				CODE_SIGN_STYLE = Automatic;
				CURRENT_PROJECT_VERSION = 1;
				DEVELOPMENT_TEAM = 3JFTD4A88K;
				GENERATE_INFOPLIST_FILE = YES;
				INFOPLIST_FILE = Giphy/Info.plist;
				INFOPLIST_KEY_UIApplicationSupportsIndirectInputEvents = YES;
				INFOPLIST_KEY_UILaunchStoryboardName = LaunchScreen;
				INFOPLIST_KEY_UIMainStoryboardFile = Main;
				INFOPLIST_KEY_UIStatusBarStyle = "";
				INFOPLIST_KEY_UISupportedInterfaceOrientations_iPad = "UIInterfaceOrientationPortrait UIInterfaceOrientationPortraitUpsideDown UIInterfaceOrientationLandscapeLeft UIInterfaceOrientationLandscapeRight";
				INFOPLIST_KEY_UISupportedInterfaceOrientations_iPhone = "UIInterfaceOrientationPortrait UIInterfaceOrientationLandscapeLeft UIInterfaceOrientationLandscapeRight";
				IPHONEOS_DEPLOYMENT_TARGET = 13.0;
				LD_RUNPATH_SEARCH_PATHS = (
					"$(inherited)",
					"@executable_path/Frameworks",
				);
				MARKETING_VERSION = 1.0;
				PRODUCT_BUNDLE_IDENTIFIER = Org.Giphy;
				PRODUCT_NAME = "$(TARGET_NAME)";
				SWIFT_EMIT_LOC_STRINGS = YES;
				SWIFT_VERSION = 5.0;
				TARGETED_DEVICE_FAMILY = "1,2";
			};
			name = Debug;
		};
		77AB63C629F6538C00D932D6 /* Release */ = {
			isa = XCBuildConfiguration;
			baseConfigurationReference = 18E3F00DC0AC454484FD49A8 /* Pods-Giphy.release.xcconfig */;
			buildSettings = {
				ASSETCATALOG_COMPILER_APPICON_NAME = AppIcon;
				ASSETCATALOG_COMPILER_GLOBAL_ACCENT_COLOR_NAME = AccentColor;
				CODE_SIGN_STYLE = Automatic;
				CURRENT_PROJECT_VERSION = 1;
				DEVELOPMENT_TEAM = 3JFTD4A88K;
				GENERATE_INFOPLIST_FILE = YES;
				INFOPLIST_FILE = Giphy/Info.plist;
				INFOPLIST_KEY_UIApplicationSupportsIndirectInputEvents = YES;
				INFOPLIST_KEY_UILaunchStoryboardName = LaunchScreen;
				INFOPLIST_KEY_UIMainStoryboardFile = Main;
				INFOPLIST_KEY_UIStatusBarStyle = "";
				INFOPLIST_KEY_UISupportedInterfaceOrientations_iPad = "UIInterfaceOrientationPortrait UIInterfaceOrientationPortraitUpsideDown UIInterfaceOrientationLandscapeLeft UIInterfaceOrientationLandscapeRight";
				INFOPLIST_KEY_UISupportedInterfaceOrientations_iPhone = "UIInterfaceOrientationPortrait UIInterfaceOrientationLandscapeLeft UIInterfaceOrientationLandscapeRight";
				IPHONEOS_DEPLOYMENT_TARGET = 13.0;
				LD_RUNPATH_SEARCH_PATHS = (
					"$(inherited)",
					"@executable_path/Frameworks",
				);
				MARKETING_VERSION = 1.0;
				PRODUCT_BUNDLE_IDENTIFIER = Org.Giphy;
				PRODUCT_NAME = "$(TARGET_NAME)";
				SWIFT_EMIT_LOC_STRINGS = YES;
				SWIFT_VERSION = 5.0;
				TARGETED_DEVICE_FAMILY = "1,2";
			};
			name = Release;
		};
		77AB63C829F6538C00D932D6 /* Debug */ = {
			isa = XCBuildConfiguration;
			baseConfigurationReference = 4E27C435C7C3B63E0D5C7273 /* Pods-GiphyTests.debug.xcconfig */;
			buildSettings = {
				ALWAYS_EMBED_SWIFT_STANDARD_LIBRARIES = YES;
				BUNDLE_LOADER = "$(TEST_HOST)";
				CODE_SIGN_STYLE = Automatic;
				CURRENT_PROJECT_VERSION = 1;
				DEVELOPMENT_TEAM = 3JFTD4A88K;
				GENERATE_INFOPLIST_FILE = YES;
				IPHONEOS_DEPLOYMENT_TARGET = 16.4;
				MARKETING_VERSION = 1.0;
				PRODUCT_BUNDLE_IDENTIFIER = Org.GiphyTests;
				PRODUCT_NAME = "$(TARGET_NAME)";
				SWIFT_EMIT_LOC_STRINGS = NO;
				SWIFT_VERSION = 5.0;
				TARGETED_DEVICE_FAMILY = "1,2";
				TEST_HOST = "$(BUILT_PRODUCTS_DIR)/Giphy.app/$(BUNDLE_EXECUTABLE_FOLDER_PATH)/Giphy";
			};
			name = Debug;
		};
		77AB63C929F6538C00D932D6 /* Release */ = {
			isa = XCBuildConfiguration;
			baseConfigurationReference = A50218D1854158CAF9BDB46F /* Pods-GiphyTests.release.xcconfig */;
			buildSettings = {
				ALWAYS_EMBED_SWIFT_STANDARD_LIBRARIES = YES;
				BUNDLE_LOADER = "$(TEST_HOST)";
				CODE_SIGN_STYLE = Automatic;
				CURRENT_PROJECT_VERSION = 1;
				DEVELOPMENT_TEAM = 3JFTD4A88K;
				GENERATE_INFOPLIST_FILE = YES;
				IPHONEOS_DEPLOYMENT_TARGET = 16.4;
				MARKETING_VERSION = 1.0;
				PRODUCT_BUNDLE_IDENTIFIER = Org.GiphyTests;
				PRODUCT_NAME = "$(TARGET_NAME)";
				SWIFT_EMIT_LOC_STRINGS = NO;
				SWIFT_VERSION = 5.0;
				TARGETED_DEVICE_FAMILY = "1,2";
				TEST_HOST = "$(BUILT_PRODUCTS_DIR)/Giphy.app/$(BUNDLE_EXECUTABLE_FOLDER_PATH)/Giphy";
			};
			name = Release;
		};
		77AB63CB29F6538C00D932D6 /* Debug */ = {
			isa = XCBuildConfiguration;
			baseConfigurationReference = C74072F6A826EB5D8A8FDDC3 /* Pods-Giphy-GiphyUITests.debug.xcconfig */;
			buildSettings = {
				ALWAYS_EMBED_SWIFT_STANDARD_LIBRARIES = YES;
				CODE_SIGN_STYLE = Automatic;
				CURRENT_PROJECT_VERSION = 1;
				DEVELOPMENT_TEAM = 3JFTD4A88K;
				GENERATE_INFOPLIST_FILE = YES;
				MARKETING_VERSION = 1.0;
				PRODUCT_BUNDLE_IDENTIFIER = Org.GiphyUITests;
				PRODUCT_NAME = "$(TARGET_NAME)";
				SWIFT_EMIT_LOC_STRINGS = NO;
				SWIFT_VERSION = 5.0;
				TARGETED_DEVICE_FAMILY = "1,2";
				TEST_TARGET_NAME = Giphy;
			};
			name = Debug;
		};
		77AB63CC29F6538C00D932D6 /* Release */ = {
			isa = XCBuildConfiguration;
			baseConfigurationReference = 15E55646AB8B475B460BCDC5 /* Pods-Giphy-GiphyUITests.release.xcconfig */;
			buildSettings = {
				ALWAYS_EMBED_SWIFT_STANDARD_LIBRARIES = YES;
				CODE_SIGN_STYLE = Automatic;
				CURRENT_PROJECT_VERSION = 1;
				DEVELOPMENT_TEAM = 3JFTD4A88K;
				GENERATE_INFOPLIST_FILE = YES;
				MARKETING_VERSION = 1.0;
				PRODUCT_BUNDLE_IDENTIFIER = Org.GiphyUITests;
				PRODUCT_NAME = "$(TARGET_NAME)";
				SWIFT_EMIT_LOC_STRINGS = NO;
				SWIFT_VERSION = 5.0;
				TARGETED_DEVICE_FAMILY = "1,2";
				TEST_TARGET_NAME = Giphy;
			};
			name = Release;
		};
/* End XCBuildConfiguration section */

/* Begin XCConfigurationList section */
		77AB639229F6538B00D932D6 /* Build configuration list for PBXProject "Giphy" */ = {
			isa = XCConfigurationList;
			buildConfigurations = (
				77AB63C229F6538C00D932D6 /* Debug */,
				77AB63C329F6538C00D932D6 /* Release */,
			);
			defaultConfigurationIsVisible = 0;
			defaultConfigurationName = Release;
		};
		77AB63C429F6538C00D932D6 /* Build configuration list for PBXNativeTarget "Giphy" */ = {
			isa = XCConfigurationList;
			buildConfigurations = (
				77AB63C529F6538C00D932D6 /* Debug */,
				77AB63C629F6538C00D932D6 /* Release */,
			);
			defaultConfigurationIsVisible = 0;
			defaultConfigurationName = Release;
		};
		77AB63C729F6538C00D932D6 /* Build configuration list for PBXNativeTarget "GiphyTests" */ = {
			isa = XCConfigurationList;
			buildConfigurations = (
				77AB63C829F6538C00D932D6 /* Debug */,
				77AB63C929F6538C00D932D6 /* Release */,
			);
			defaultConfigurationIsVisible = 0;
			defaultConfigurationName = Release;
		};
		77AB63CA29F6538C00D932D6 /* Build configuration list for PBXNativeTarget "GiphyUITests" */ = {
			isa = XCConfigurationList;
			buildConfigurations = (
				77AB63CB29F6538C00D932D6 /* Debug */,
				77AB63CC29F6538C00D932D6 /* Release */,
			);
			defaultConfigurationIsVisible = 0;
			defaultConfigurationName = Release;
		};
/* End XCConfigurationList section */

/* Begin XCVersionGroup section */
		77AB63A329F6538B00D932D6 /* Giphy.xcdatamodeld */ = {
			isa = XCVersionGroup;
			children = (
				77AB63A429F6538B00D932D6 /* Giphy.xcdatamodel */,
			);
			currentVersion = 77AB63A429F6538B00D932D6 /* Giphy.xcdatamodel */;
			path = Giphy.xcdatamodeld;
			sourceTree = "<group>";
			versionGroupType = wrapper.xcdatamodel;
		};
/* End XCVersionGroup section */
	};
	rootObject = 77AB638F29F6538B00D932D6 /* Project object */;
}
